devDependencies:
  tslib: 2.3.1
  typescript: 3.9.10
lockfileVersion: 5.2
packages:
  /tslib/2.3.1:
    dev: true
    resolution:
      integrity: sha512-77EbyPPpMz+FRFRuAFlWMtmgUWGe9UOG2Z25NqCwiIjRhOf5iKGuzSe5P2w1laq+FkRy4p+PCuVkJSGkzTEKVw==
  /typescript/3.9.10:
    dev: true
    engines:
      node: '>=4.2.0'
    hasBin: true
    resolution:
      integrity: sha512-w6fIxVE/H1PkLKcCPsFqKE7Kv7QUwhU8qQY2MueZXWx5cPZdwFupLgKK3vntcK98BtNHZtAF4LA/yl2a7k8R6Q==
specifiers:
  tslib: ^2.0.0
  typescript: ^3.9.7
